
Microsoft Visual Studio Solution File, Format Version 12.00
# Visual Studio Version 16
Project("{2150E333-8FDC-42A3-9474-1A3956D46DE8}") = "Depenencies", "Depenencies", "{EFFDEDE5-5B14-EC7B-A48B-779D10E1BC03}"
EndProject
Project("{8BC9CEB8-8B4A-11D0-8D11-00A0C91BC942}") = "Box2D", "NullEngine\vendor\Box2D\Box2D.vcxproj", "{A434E80C-1049-10BE-D9CA-B31D459E0CEF}"
EndProject
Project("{8BC9CEB8-8B4A-11D0-8D11-00A0C91BC942}") = "GLFW", "NullEngine\vendor\GLFW\GLFW.vcxproj", "{154B857C-0182-860D-AA6E-6C109684020F}"
EndProject
Project("{8BC9CEB8-8B4A-11D0-8D11-00A0C91BC942}") = "Glad", "NullEngine\vendor\Glad\Glad.vcxproj", "{BDD6857C-A90D-870D-52FA-6C103E10030F}"
EndProject
Project("{8BC9CEB8-8B4A-11D0-8D11-00A0C91BC942}") = "ImGui", "NullEngine\vendor\imgui\ImGui.vcxproj", "{C0FF640D-2C14-8DBE-F595-301E616989EF}"
EndProject
Project("{8BC9CEB8-8B4A-11D0-8D11-00A0C91BC942}") = "ImGuizmo", "NullEngine\vendor\ImGuizmo\ImGuizmo\ImGuizmo.vcxproj", "{36FD234F-22CA-7E5A-4BE3-6C02370FB4E8}"
EndProject
Project("{8BC9CEB8-8B4A-11D0-8D11-00A0C91BC942}") = "Lua", "NullEngine\vendor\lua\lua\Lua.vcxproj", "{A705880B-130F-887C-9C8A-9E7C0893937C}"
EndProject
Project("{8BC9CEB8-8B4A-11D0-8D11-00A0C91BC942}") = "Sol", "NullEngine\vendor\sol2\sol2\Sol.vcxproj", "{B322880B-1F2C-887C-A8A7-9E7C14B0937C}"
EndProject
Project("{8BC9CEB8-8B4A-11D0-8D11-00A0C91BC942}") = "NullEditor", "NullEditor\NullEditor.vcxproj", "{E7425E7B-D3FA-9FC8-3C02-792428D93AB9}"
EndProject
Project("{8BC9CEB8-8B4A-11D0-8D11-00A0C91BC942}") = "NullEngine", "NullEngine\NullEngine.vcxproj", "{36F0117C-22A8-53C9-8BAF-2C257786EEB9}"
EndProject
Project("{8BC9CEB8-8B4A-11D0-8D11-00A0C91BC942}") = "Sandbox", "Sandbox\Sandbox.vcxproj", "{F4C124E3-60A1-A37E-69B9-2E55D5170AE0}"
EndProject
Global
	GlobalSection(SolutionConfigurationPlatforms) = preSolution
		Debug|x64 = Debug|x64
		Dist|x64 = Dist|x64
		Release|x64 = Release|x64
	EndGlobalSection
	GlobalSection(ProjectConfigurationPlatforms) = postSolution
		{A434E80C-1049-10BE-D9CA-B31D459E0CEF}.Debug|x64.ActiveCfg = Debug|x64
		{A434E80C-1049-10BE-D9CA-B31D459E0CEF}.Debug|x64.Build.0 = Debug|x64
		{A434E80C-1049-10BE-D9CA-B31D459E0CEF}.Dist|x64.ActiveCfg = Dist|x64
		{A434E80C-1049-10BE-D9CA-B31D459E0CEF}.Dist|x64.Build.0 = Dist|x64
		{A434E80C-1049-10BE-D9CA-B31D459E0CEF}.Release|x64.ActiveCfg = Release|x64
		{A434E80C-1049-10BE-D9CA-B31D459E0CEF}.Release|x64.Build.0 = Release|x64
		{154B857C-0182-860D-AA6E-6C109684020F}.Debug|x64.ActiveCfg = Debug|x64
		{154B857C-0182-860D-AA6E-6C109684020F}.Debug|x64.Build.0 = Debug|x64
		{154B857C-0182-860D-AA6E-6C109684020F}.Dist|x64.ActiveCfg = Dist|x64
		{154B857C-0182-860D-AA6E-6C109684020F}.Dist|x64.Build.0 = Dist|x64
		{154B857C-0182-860D-AA6E-6C109684020F}.Release|x64.ActiveCfg = Release|x64
		{154B857C-0182-860D-AA6E-6C109684020F}.Release|x64.Build.0 = Release|x64
		{BDD6857C-A90D-870D-52FA-6C103E10030F}.Debug|x64.ActiveCfg = Debug|x64
		{BDD6857C-A90D-870D-52FA-6C103E10030F}.Debug|x64.Build.0 = Debug|x64
		{BDD6857C-A90D-870D-52FA-6C103E10030F}.Dist|x64.ActiveCfg = Dist|x64
		{BDD6857C-A90D-870D-52FA-6C103E10030F}.Dist|x64.Build.0 = Dist|x64
		{BDD6857C-A90D-870D-52FA-6C103E10030F}.Release|x64.ActiveCfg = Release|x64
		{BDD6857C-A90D-870D-52FA-6C103E10030F}.Release|x64.Build.0 = Release|x64
		{C0FF640D-2C14-8DBE-F595-301E616989EF}.Debug|x64.ActiveCfg = Debug|x64
		{C0FF640D-2C14-8DBE-F595-301E616989EF}.Debug|x64.Build.0 = Debug|x64
		{C0FF640D-2C14-8DBE-F595-301E616989EF}.Dist|x64.ActiveCfg = Dist|x64
		{C0FF640D-2C14-8DBE-F595-301E616989EF}.Dist|x64.Build.0 = Dist|x64
		{C0FF640D-2C14-8DBE-F595-301E616989EF}.Release|x64.ActiveCfg = Release|x64
		{C0FF640D-2C14-8DBE-F595-301E616989EF}.Release|x64.Build.0 = Release|x64
		{36FD234F-22CA-7E5A-4BE3-6C02370FB4E8}.Debug|x64.ActiveCfg = Debug|x64
		{36FD234F-22CA-7E5A-4BE3-6C02370FB4E8}.Debug|x64.Build.0 = Debug|x64
		{36FD234F-22CA-7E5A-4BE3-6C02370FB4E8}.Dist|x64.ActiveCfg = Dist|x64
		{36FD234F-22CA-7E5A-4BE3-6C02370FB4E8}.Dist|x64.Build.0 = Dist|x64
		{36FD234F-22CA-7E5A-4BE3-6C02370FB4E8}.Release|x64.ActiveCfg = Release|x64
		{36FD234F-22CA-7E5A-4BE3-6C02370FB4E8}.Release|x64.Build.0 = Release|x64
		{A705880B-130F-887C-9C8A-9E7C0893937C}.Debug|x64.ActiveCfg = Debug|x64
		{A705880B-130F-887C-9C8A-9E7C0893937C}.Debug|x64.Build.0 = Debug|x64
		{A705880B-130F-887C-9C8A-9E7C0893937C}.Dist|x64.ActiveCfg = Dist|x64
		{A705880B-130F-887C-9C8A-9E7C0893937C}.Dist|x64.Build.0 = Dist|x64
		{A705880B-130F-887C-9C8A-9E7C0893937C}.Release|x64.ActiveCfg = Release|x64
		{A705880B-130F-887C-9C8A-9E7C0893937C}.Release|x64.Build.0 = Release|x64
		{B322880B-1F2C-887C-A8A7-9E7C14B0937C}.Debug|x64.ActiveCfg = Debug|x64
		{B322880B-1F2C-887C-A8A7-9E7C14B0937C}.Debug|x64.Build.0 = Debug|x64
		{B322880B-1F2C-887C-A8A7-9E7C14B0937C}.Dist|x64.ActiveCfg = Dist|x64
		{B322880B-1F2C-887C-A8A7-9E7C14B0937C}.Dist|x64.Build.0 = Dist|x64
		{B322880B-1F2C-887C-A8A7-9E7C14B0937C}.Release|x64.ActiveCfg = Release|x64
		{B322880B-1F2C-887C-A8A7-9E7C14B0937C}.Release|x64.Build.0 = Release|x64
		{E7425E7B-D3FA-9FC8-3C02-792428D93AB9}.Debug|x64.ActiveCfg = Debug|x64
		{E7425E7B-D3FA-9FC8-3C02-792428D93AB9}.Debug|x64.Build.0 = Debug|x64
		{E7425E7B-D3FA-9FC8-3C02-792428D93AB9}.Dist|x64.ActiveCfg = Dist|x64
		{E7425E7B-D3FA-9FC8-3C02-792428D93AB9}.Dist|x64.Build.0 = Dist|x64
		{E7425E7B-D3FA-9FC8-3C02-792428D93AB9}.Release|x64.ActiveCfg = Release|x64
		{E7425E7B-D3FA-9FC8-3C02-792428D93AB9}.Release|x64.Build.0 = Release|x64
		{36F0117C-22A8-53C9-8BAF-2C257786EEB9}.Debug|x64.ActiveCfg = Debug|x64
		{36F0117C-22A8-53C9-8BAF-2C257786EEB9}.Debug|x64.Build.0 = Debug|x64
		{36F0117C-22A8-53C9-8BAF-2C257786EEB9}.Dist|x64.ActiveCfg = Dist|x64
		{36F0117C-22A8-53C9-8BAF-2C257786EEB9}.Dist|x64.Build.0 = Dist|x64
		{36F0117C-22A8-53C9-8BAF-2C257786EEB9}.Release|x64.ActiveCfg = Release|x64
		{36F0117C-22A8-53C9-8BAF-2C257786EEB9}.Release|x64.Build.0 = Release|x64
		{F4C124E3-60A1-A37E-69B9-2E55D5170AE0}.Debug|x64.ActiveCfg = Debug|x64
		{F4C124E3-60A1-A37E-69B9-2E55D5170AE0}.Debug|x64.Build.0 = Debug|x64
		{F4C124E3-60A1-A37E-69B9-2E55D5170AE0}.Dist|x64.ActiveCfg = Dist|x64
		{F4C124E3-60A1-A37E-69B9-2E55D5170AE0}.Dist|x64.Build.0 = Dist|x64
		{F4C124E3-60A1-A37E-69B9-2E55D5170AE0}.Release|x64.ActiveCfg = Release|x64
		{F4C124E3-60A1-A37E-69B9-2E55D5170AE0}.Release|x64.Build.0 = Release|x64
	EndGlobalSection
	GlobalSection(SolutionProperties) = preSolution
		HideSolutionNode = FALSE
	EndGlobalSection
	GlobalSection(NestedProjects) = preSolution
		{A434E80C-1049-10BE-D9CA-B31D459E0CEF} = {EFFDEDE5-5B14-EC7B-A48B-779D10E1BC03}
		{154B857C-0182-860D-AA6E-6C109684020F} = {EFFDEDE5-5B14-EC7B-A48B-779D10E1BC03}
		{BDD6857C-A90D-870D-52FA-6C103E10030F} = {EFFDEDE5-5B14-EC7B-A48B-779D10E1BC03}
		{C0FF640D-2C14-8DBE-F595-301E616989EF} = {EFFDEDE5-5B14-EC7B-A48B-779D10E1BC03}
		{36FD234F-22CA-7E5A-4BE3-6C02370FB4E8} = {EFFDEDE5-5B14-EC7B-A48B-779D10E1BC03}
		{A705880B-130F-887C-9C8A-9E7C0893937C} = {EFFDEDE5-5B14-EC7B-A48B-779D10E1BC03}
		{B322880B-1F2C-887C-A8A7-9E7C14B0937C} = {EFFDEDE5-5B14-EC7B-A48B-779D10E1BC03}
	EndGlobalSection
EndGlobal
