<?xml version="1.0" encoding="utf-8"?>
<Project ToolsVersion="4.0" xmlns="http://schemas.microsoft.com/developer/msbuild/2003">
  <ItemGroup>
    <Filter Include="Pannels">
      <UniqueIdentifier>{D6933BFC-4273-BA97-4B8B-456EB7E920F9}</UniqueIdentifier>
    </Filter>
  </ItemGroup>
  <ItemGroup>
    <ClInclude Include="src\Pannels\ComponentInspectorPannel.h">
      <Filter>Pannels</Filter>
    </ClInclude>
    <ClInclude Include="src\Pannels\ContentBrowserPannel.h">
      <Filter>Pannels</Filter>
    </ClInclude>
    <ClInclude Include="src\Pannels\EditorConsolePannel.h">
      <Filter>Pannels</Filter>
    </ClInclude>
    <ClInclude Include="src\Pannels\ModuleStatsPannel.h">
      <Filter>Pannels</Filter>
    </ClInclude>
    <ClInclude Include="src\Pannels\SceneHierarchyPannel.h">
      <Filter>Pannels</Filter>
    </ClInclude>
    <ClInclude Include="src\Pannels\ScenePropertyPannel.h">
      <Filter>Pannels</Filter>
    </ClInclude>
    <ClInclude Include="src\Pannels\EditorToolbarPannel.h" />
  </ItemGroup>
  <ItemGroup>
    <ClCompile Include="src\NullEditor.cpp" />
    <ClCompile Include="src\Pannels\ComponentInspectorPannel.cpp">
      <Filter>Pannels</Filter>
    </ClCompile>
    <ClCompile Include="src\Pannels\ContentBrowserPannel.cpp">
      <Filter>Pannels</Filter>
    </ClCompile>
    <ClCompile Include="src\Pannels\EditorConsolePannel.cpp">
      <Filter>Pannels</Filter>
    </ClCompile>
    <ClCompile Include="src\Pannels\ModuleStatsPannel.cpp">
      <Filter>Pannels</Filter>
    </ClCompile>
    <ClCompile Include="src\Pannels\SceneHierarchyPannel.cpp">
      <Filter>Pannels</Filter>
    </ClCompile>
    <ClCompile Include="src\Pannels\ScenePropertyPannel.cpp">
      <Filter>Pannels</Filter>
    </ClCompile>
    <ClCompile Include="src\Pannels\EditorToolbarPannel.cpp" />
  </ItemGroup>
</Project>