<?xml version="1.0" encoding="utf-8"?>
<Project ToolsVersion="4.0" xmlns="http://schemas.microsoft.com/developer/msbuild/2003">
  <ItemGroup>
    <Filter Include="Null">
      <UniqueIdentifier>{20D5897C-0C0C-8B0D-B5F8-7010A10E070F}</UniqueIdentifier>
    </Filter>
    <Filter Include="Null\Engine">
      <UniqueIdentifier>{A5BBA801-1171-21F7-9A65-1BCE061A18FB}</UniqueIdentifier>
    </Filter>
    <Filter Include="Null\Engine\Base">
      <UniqueIdentifier>{4F27B103-3B20-D055-6452-B5DA50AAAF61}</UniqueIdentifier>
    </Filter>
    <Filter Include="Null\Engine\Misc">
      <UniqueIdentifier>{8051B703-6C4A-D655-957C-BBDA81D4B561}</UniqueIdentifier>
    </Filter>
    <Filter Include="Null\Engine\Modules">
      <UniqueIdentifier>{6D1D03B6-D97E-E0C3-62EC-2676CE4C1783}</UniqueIdentifier>
    </Filter>
    <Filter Include="Null\Engine\Modules\Base">
      <UniqueIdentifier>{17E63797-030B-8717-2C56-6CA718DA8535}</UniqueIdentifier>
    </Filter>
    <Filter Include="Null\Engine\Submodules">
      <UniqueIdentifier>{57920A45-438C-3397-2CF9-C9A718929903}</UniqueIdentifier>
    </Filter>
    <Filter Include="Null\Engine\Submodules\ECS">
      <UniqueIdentifier>{21DA4412-0DEA-F0E2-76A3-550162D2DF7B}</UniqueIdentifier>
    </Filter>
    <Filter Include="Null\Engine\Submodules\ECS\Components">
      <UniqueIdentifier>{9688D489-024D-D379-CBB2-034437366FAF}</UniqueIdentifier>
    </Filter>
    <Filter Include="Null\Engine\Submodules\ECS\Components\VariableContainer">
      <UniqueIdentifier>{EEB46E8D-5A9C-5983-638A-5BFFCFF0FC45}</UniqueIdentifier>
    </Filter>
    <Filter Include="Null\Engine\Submodules\ECS\Entities">
      <UniqueIdentifier>{F5E7179E-61A1-8248-EA00-9D2256B938B8}</UniqueIdentifier>
    </Filter>
    <Filter Include="Null\Engine\Submodules\ECS\Systems">
      <UniqueIdentifier>{28C1638A-14FD-66F4-7D0F-7FEB696A0F0F}</UniqueIdentifier>
    </Filter>
    <Filter Include="Null\Engine\Submodules\Events">
      <UniqueIdentifier>{5B560797-C76E-EEC0-901B-7E5AFCF2825A}</UniqueIdentifier>
    </Filter>
    <Filter Include="Null\Engine\Submodules\Graphics">
      <UniqueIdentifier>{77EC9911-E3CF-A851-ECD2-D68D58356FA2}</UniqueIdentifier>
    </Filter>
    <Filter Include="Null\Engine\Submodules\Graphics\Buffers">
      <UniqueIdentifier>{F33293C9-5FC2-54B4-68BE-35CCD4CC8FC0}</UniqueIdentifier>
    </Filter>
    <Filter Include="Null\Engine\Submodules\Graphics\Camera">
      <UniqueIdentifier>{0FF5A573-FB46-7D63-E465-BA73D056964C}</UniqueIdentifier>
    </Filter>
    <Filter Include="Null\Engine\Submodules\Graphics\Camera\Controllers">
      <UniqueIdentifier>{F581DDBF-E115-D367-4ADA-2C1C368D0D5A}</UniqueIdentifier>
    </Filter>
    <Filter Include="Null\Engine\Submodules\Graphics\Shader">
      <UniqueIdentifier>{3D907099-29E2-4789-1201-8599FEF16072}</UniqueIdentifier>
    </Filter>
    <Filter Include="Null\Engine\Submodules\Layers">
      <UniqueIdentifier>{3641EAA5-A259-D1CF-6B06-6169D7DD6569}</UniqueIdentifier>
    </Filter>
    <Filter Include="Null\Tools">
      <UniqueIdentifier>{A071EE46-8C29-3094-F530-09F0E107CB84}</UniqueIdentifier>
    </Filter>
  </ItemGroup>
  <ItemGroup>
    <ClInclude Include="src\NIncludes.h" />
    <ClInclude Include="src\Null.h" />
    <ClInclude Include="src\Null\Application.h">
      <Filter>Null</Filter>
    </ClInclude>
    <ClInclude Include="src\Null\Core.h">
      <Filter>Null</Filter>
    </ClInclude>
    <ClInclude Include="src\Null\Engine\Base\IEngine.h">
      <Filter>Null\Engine\Base</Filter>
    </ClInclude>
    <ClInclude Include="src\Null\Engine\Misc\Input.h">
      <Filter>Null\Engine\Misc</Filter>
    </ClInclude>
    <ClInclude Include="src\Null\Engine\Misc\Time.h">
      <Filter>Null\Engine\Misc</Filter>
    </ClInclude>
    <ClInclude Include="src\Null\Engine\Modules\Base\IModule.h">
      <Filter>Null\Engine\Modules\Base</Filter>
    </ClInclude>
    <ClInclude Include="src\Null\Engine\Modules\NCameraManager.h">
      <Filter>Null\Engine\Modules</Filter>
    </ClInclude>
    <ClInclude Include="src\Null\Engine\Modules\NComponentFactory.h">
      <Filter>Null\Engine\Modules</Filter>
    </ClInclude>
    <ClInclude Include="src\Null\Engine\Modules\NEntityFactory.h">
      <Filter>Null\Engine\Modules</Filter>
    </ClInclude>
    <ClInclude Include="src\Null\Engine\Modules\NEventManager.h">
      <Filter>Null\Engine\Modules</Filter>
    </ClInclude>
    <ClInclude Include="src\Null\Engine\Modules\NMeshManager.h">
      <Filter>Null\Engine\Modules</Filter>
    </ClInclude>
    <ClInclude Include="src\Null\Engine\Modules\NRegistry.h">
      <Filter>Null\Engine\Modules</Filter>
    </ClInclude>
    <ClInclude Include="src\Null\Engine\Modules\NRenderer.h">
      <Filter>Null\Engine\Modules</Filter>
    </ClInclude>
    <ClInclude Include="src\Null\Engine\Modules\NResourceManager.h">
      <Filter>Null\Engine\Modules</Filter>
    </ClInclude>
    <ClInclude Include="src\Null\Engine\Modules\NSceneManager.h">
      <Filter>Null\Engine\Modules</Filter>
    </ClInclude>
    <ClInclude Include="src\Null\Engine\Modules\NScriptingInterface.h">
      <Filter>Null\Engine\Modules</Filter>
    </ClInclude>
    <ClInclude Include="src\Null\Engine\Modules\NShaderManager.h">
      <Filter>Null\Engine\Modules</Filter>
    </ClInclude>
    <ClInclude Include="src\Null\Engine\Modules\NSpriteSourceManager.h">
      <Filter>Null\Engine\Modules</Filter>
    </ClInclude>
    <ClInclude Include="src\Null\Engine\Modules\NTextureManager.h">
      <Filter>Null\Engine\Modules</Filter>
    </ClInclude>
    <ClInclude Include="src\Null\Engine\Modules\NWindow.h">
      <Filter>Null\Engine\Modules</Filter>
    </ClInclude>
    <ClInclude Include="src\Null\Engine\NEngine.h">
      <Filter>Null\Engine</Filter>
    </ClInclude>
    <ClInclude Include="src\Null\Engine\Submodules\ComponentManager.h">
      <Filter>Null\Engine\Submodules</Filter>
    </ClInclude>
    <ClInclude Include="src\Null\Engine\Submodules\ECS\Components\AnimationComponent.h">
      <Filter>Null\Engine\Submodules\ECS\Components</Filter>
    </ClInclude>
    <ClInclude Include="src\Null\Engine\Submodules\ECS\Components\BoxCollider2DComponent.h">
      <Filter>Null\Engine\Submodules\ECS\Components</Filter>
    </ClInclude>
    <ClInclude Include="src\Null\Engine\Submodules\ECS\Components\IComponent.h">
      <Filter>Null\Engine\Submodules\ECS\Components</Filter>
    </ClInclude>
    <ClInclude Include="src\Null\Engine\Submodules\ECS\Components\Rigidbody2DComponent.h">
      <Filter>Null\Engine\Submodules\ECS\Components</Filter>
    </ClInclude>
    <ClInclude Include="src\Null\Engine\Submodules\ECS\Components\ScriptComponent.h">
      <Filter>Null\Engine\Submodules\ECS\Components</Filter>
    </ClInclude>
    <ClInclude Include="src\Null\Engine\Submodules\ECS\Components\SpriteComponent.h">
      <Filter>Null\Engine\Submodules\ECS\Components</Filter>
    </ClInclude>
    <ClInclude Include="src\Null\Engine\Submodules\ECS\Components\TagComponent.h">
      <Filter>Null\Engine\Submodules\ECS\Components</Filter>
    </ClInclude>
    <ClInclude Include="src\Null\Engine\Submodules\ECS\Components\TransformComponent.h">
      <Filter>Null\Engine\Submodules\ECS\Components</Filter>
    </ClInclude>
    <ClInclude Include="src\Null\Engine\Submodules\ECS\Components\VariableContainer\VariableContainer.h">
      <Filter>Null\Engine\Submodules\ECS\Components\VariableContainer</Filter>
    </ClInclude>
    <ClInclude Include="src\Null\Engine\Submodules\ECS\Entities\Entity.h">
      <Filter>Null\Engine\Submodules\ECS\Entities</Filter>
    </ClInclude>
    <ClInclude Include="src\Null\Engine\Submodules\ECS\Systems\AnimationSystem.h">
      <Filter>Null\Engine\Submodules\ECS\Systems</Filter>
    </ClInclude>
    <ClInclude Include="src\Null\Engine\Submodules\ECS\Systems\PhysicsSystem.h">
      <Filter>Null\Engine\Submodules\ECS\Systems</Filter>
    </ClInclude>
    <ClInclude Include="src\Null\Engine\Submodules\ECS\Systems\ScriptSystem.h">
      <Filter>Null\Engine\Submodules\ECS\Systems</Filter>
    </ClInclude>
    <ClInclude Include="src\Null\Engine\Submodules\ECS\Systems\SpriteRenderSystem.h">
      <Filter>Null\Engine\Submodules\ECS\Systems</Filter>
    </ClInclude>
    <ClInclude Include="src\Null\Engine\Submodules\ECS\Systems\System.h">
      <Filter>Null\Engine\Submodules\ECS\Systems</Filter>
    </ClInclude>
    <ClInclude Include="src\Null\Engine\Submodules\ECS\Systems\TransformSystem.h">
      <Filter>Null\Engine\Submodules\ECS\Systems</Filter>
    </ClInclude>
    <ClInclude Include="src\Null\Engine\Submodules\Events\CommonEvents.h">
      <Filter>Null\Engine\Submodules\Events</Filter>
    </ClInclude>
    <ClInclude Include="src\Null\Engine\Submodules\Events\EventHandler.h">
      <Filter>Null\Engine\Submodules\Events</Filter>
    </ClInclude>
    <ClInclude Include="src\Null\Engine\Submodules\Events\IEvents.h">
      <Filter>Null\Engine\Submodules\Events</Filter>
    </ClInclude>
    <ClInclude Include="src\Null\Engine\Submodules\Graphics\Buffers\BufferData.h">
      <Filter>Null\Engine\Submodules\Graphics\Buffers</Filter>
    </ClInclude>
    <ClInclude Include="src\Null\Engine\Submodules\Graphics\Buffers\EBO.h">
      <Filter>Null\Engine\Submodules\Graphics\Buffers</Filter>
    </ClInclude>
    <ClInclude Include="src\Null\Engine\Submodules\Graphics\Buffers\Framebuffer.h">
      <Filter>Null\Engine\Submodules\Graphics\Buffers</Filter>
    </ClInclude>
    <ClInclude Include="src\Null\Engine\Submodules\Graphics\Buffers\RenderData.h">
      <Filter>Null\Engine\Submodules\Graphics\Buffers</Filter>
    </ClInclude>
    <ClInclude Include="src\Null\Engine\Submodules\Graphics\Buffers\VAO.h">
      <Filter>Null\Engine\Submodules\Graphics\Buffers</Filter>
    </ClInclude>
    <ClInclude Include="src\Null\Engine\Submodules\Graphics\Buffers\VBO.h">
      <Filter>Null\Engine\Submodules\Graphics\Buffers</Filter>
    </ClInclude>
    <ClInclude Include="src\Null\Engine\Submodules\Graphics\Camera\Camera.h">
      <Filter>Null\Engine\Submodules\Graphics\Camera</Filter>
    </ClInclude>
    <ClInclude Include="src\Null\Engine\Submodules\Graphics\Camera\Camera2D.h">
      <Filter>Null\Engine\Submodules\Graphics\Camera</Filter>
    </ClInclude>
    <ClInclude Include="src\Null\Engine\Submodules\Graphics\Camera\Camera3D.h">
      <Filter>Null\Engine\Submodules\Graphics\Camera</Filter>
    </ClInclude>
    <ClInclude Include="src\Null\Engine\Submodules\Graphics\Camera\Controllers\CameraController.h">
      <Filter>Null\Engine\Submodules\Graphics\Camera\Controllers</Filter>
    </ClInclude>
    <ClInclude Include="src\Null\Engine\Submodules\Graphics\Camera\Controllers\OrthographicCameraController.h">
      <Filter>Null\Engine\Submodules\Graphics\Camera\Controllers</Filter>
    </ClInclude>
    <ClInclude Include="src\Null\Engine\Submodules\Graphics\Camera\Controllers\PerspectiveCameraController.h">
      <Filter>Null\Engine\Submodules\Graphics\Camera\Controllers</Filter>
    </ClInclude>
    <ClInclude Include="src\Null\Engine\Submodules\Graphics\InstanceMesh.h">
      <Filter>Null\Engine\Submodules\Graphics</Filter>
    </ClInclude>
    <ClInclude Include="src\Null\Engine\Submodules\Graphics\Mesh.h">
      <Filter>Null\Engine\Submodules\Graphics</Filter>
    </ClInclude>
    <ClInclude Include="src\Null\Engine\Submodules\Graphics\Shader\Shader.h">
      <Filter>Null\Engine\Submodules\Graphics\Shader</Filter>
    </ClInclude>
    <ClInclude Include="src\Null\Engine\Submodules\Graphics\SpriteSource.h">
      <Filter>Null\Engine\Submodules\Graphics</Filter>
    </ClInclude>
    <ClInclude Include="src\Null\Engine\Submodules\Graphics\Texture.h">
      <Filter>Null\Engine\Submodules\Graphics</Filter>
    </ClInclude>
    <ClInclude Include="src\Null\Engine\Submodules\Layers\ImGuiLayer.h">
      <Filter>Null\Engine\Submodules\Layers</Filter>
    </ClInclude>
    <ClInclude Include="src\Null\Engine\Submodules\Layers\Layer.h">
      <Filter>Null\Engine\Submodules\Layers</Filter>
    </ClInclude>
    <ClInclude Include="src\Null\Engine\Submodules\Scene.h">
      <Filter>Null\Engine\Submodules</Filter>
    </ClInclude>
    <ClInclude Include="src\Null\EntryPoint.h">
      <Filter>Null</Filter>
    </ClInclude>
    <ClInclude Include="src\Null\Tools\FileDialog.h">
      <Filter>Null\Tools</Filter>
    </ClInclude>
    <ClInclude Include="src\Null\Tools\ImguiSink.h">
      <Filter>Null\Tools</Filter>
    </ClInclude>
    <ClInclude Include="src\Null\Tools\JsonWrapper.h">
      <Filter>Null\Tools</Filter>
    </ClInclude>
    <ClInclude Include="src\Null\Tools\ScriptHelper.h">
      <Filter>Null\Tools</Filter>
    </ClInclude>
    <ClInclude Include="src\Null\Tools\Trace.h">
      <Filter>Null\Tools</Filter>
    </ClInclude>
    <ClInclude Include="src\stdafx.h" />
  </ItemGroup>
  <ItemGroup>
    <ClCompile Include="src\Null\Application.cpp">
      <Filter>Null</Filter>
    </ClCompile>
    <ClCompile Include="src\Null\Engine\Base\IEngine.cpp">
      <Filter>Null\Engine\Base</Filter>
    </ClCompile>
    <ClCompile Include="src\Null\Engine\Misc\Input.cpp">
      <Filter>Null\Engine\Misc</Filter>
    </ClCompile>
    <ClCompile Include="src\Null\Engine\Misc\Time.cpp">
      <Filter>Null\Engine\Misc</Filter>
    </ClCompile>
    <ClCompile Include="src\Null\Engine\Modules\Base\IModule.cpp">
      <Filter>Null\Engine\Modules\Base</Filter>
    </ClCompile>
    <ClCompile Include="src\Null\Engine\Modules\NCameraManager.cpp">
      <Filter>Null\Engine\Modules</Filter>
    </ClCompile>
    <ClCompile Include="src\Null\Engine\Modules\NComponentFactory.cpp">
      <Filter>Null\Engine\Modules</Filter>
    </ClCompile>
    <ClCompile Include="src\Null\Engine\Modules\NEntityFactory.cpp">
      <Filter>Null\Engine\Modules</Filter>
    </ClCompile>
    <ClCompile Include="src\Null\Engine\Modules\NEventManager.cpp">
      <Filter>Null\Engine\Modules</Filter>
    </ClCompile>
    <ClCompile Include="src\Null\Engine\Modules\NMeshManager.cpp">
      <Filter>Null\Engine\Modules</Filter>
    </ClCompile>
    <ClCompile Include="src\Null\Engine\Modules\NRegistry.cpp">
      <Filter>Null\Engine\Modules</Filter>
    </ClCompile>
    <ClCompile Include="src\Null\Engine\Modules\NRenderer.cpp">
      <Filter>Null\Engine\Modules</Filter>
    </ClCompile>
    <ClCompile Include="src\Null\Engine\Modules\NResourceManager.cpp">
      <Filter>Null\Engine\Modules</Filter>
    </ClCompile>
    <ClCompile Include="src\Null\Engine\Modules\NSceneManager.cpp">
      <Filter>Null\Engine\Modules</Filter>
    </ClCompile>
    <ClCompile Include="src\Null\Engine\Modules\NScriptingInterface.cpp">
      <Filter>Null\Engine\Modules</Filter>
    </ClCompile>
    <ClCompile Include="src\Null\Engine\Modules\NShaderManager.cpp">
      <Filter>Null\Engine\Modules</Filter>
    </ClCompile>
    <ClCompile Include="src\Null\Engine\Modules\NSpriteSourceManager.cpp">
      <Filter>Null\Engine\Modules</Filter>
    </ClCompile>
    <ClCompile Include="src\Null\Engine\Modules\NTextureManager.cpp">
      <Filter>Null\Engine\Modules</Filter>
    </ClCompile>
    <ClCompile Include="src\Null\Engine\Modules\NWindow.cpp">
      <Filter>Null\Engine\Modules</Filter>
    </ClCompile>
    <ClCompile Include="src\Null\Engine\NEngine.cpp">
      <Filter>Null\Engine</Filter>
    </ClCompile>
    <ClCompile Include="src\Null\Engine\Submodules\ComponentManager.cpp">
      <Filter>Null\Engine\Submodules</Filter>
    </ClCompile>
    <ClCompile Include="src\Null\Engine\Submodules\ECS\Components\IComponent.cpp">
      <Filter>Null\Engine\Submodules\ECS\Components</Filter>
    </ClCompile>
    <ClCompile Include="src\Null\Engine\Submodules\ECS\Components\VariableContainer\VariableContainer.cpp">
      <Filter>Null\Engine\Submodules\ECS\Components\VariableContainer</Filter>
    </ClCompile>
    <ClCompile Include="src\Null\Engine\Submodules\ECS\Entities\Entity.cpp">
      <Filter>Null\Engine\Submodules\ECS\Entities</Filter>
    </ClCompile>
    <ClCompile Include="src\Null\Engine\Submodules\ECS\Systems\AnimationSystem.cpp">
      <Filter>Null\Engine\Submodules\ECS\Systems</Filter>
    </ClCompile>
    <ClCompile Include="src\Null\Engine\Submodules\ECS\Systems\PhysicsSystem.cpp">
      <Filter>Null\Engine\Submodules\ECS\Systems</Filter>
    </ClCompile>
    <ClCompile Include="src\Null\Engine\Submodules\ECS\Systems\ScriptSystem.cpp">
      <Filter>Null\Engine\Submodules\ECS\Systems</Filter>
    </ClCompile>
    <ClCompile Include="src\Null\Engine\Submodules\ECS\Systems\SpriteRenderSystem.cpp">
      <Filter>Null\Engine\Submodules\ECS\Systems</Filter>
    </ClCompile>
    <ClCompile Include="src\Null\Engine\Submodules\ECS\Systems\System.cpp">
      <Filter>Null\Engine\Submodules\ECS\Systems</Filter>
    </ClCompile>
    <ClCompile Include="src\Null\Engine\Submodules\ECS\Systems\TransformSystem.cpp">
      <Filter>Null\Engine\Submodules\ECS\Systems</Filter>
    </ClCompile>
    <ClCompile Include="src\Null\Engine\Submodules\Events\CommonEvents.cpp">
      <Filter>Null\Engine\Submodules\Events</Filter>
    </ClCompile>
    <ClCompile Include="src\Null\Engine\Submodules\Events\EventHandler.cpp">
      <Filter>Null\Engine\Submodules\Events</Filter>
    </ClCompile>
    <ClCompile Include="src\Null\Engine\Submodules\Events\IEvents.cpp">
      <Filter>Null\Engine\Submodules\Events</Filter>
    </ClCompile>
    <ClCompile Include="src\Null\Engine\Submodules\Graphics\Buffers\EBO.cpp">
      <Filter>Null\Engine\Submodules\Graphics\Buffers</Filter>
    </ClCompile>
    <ClCompile Include="src\Null\Engine\Submodules\Graphics\Buffers\Framebuffer.cpp">
      <Filter>Null\Engine\Submodules\Graphics\Buffers</Filter>
    </ClCompile>
    <ClCompile Include="src\Null\Engine\Submodules\Graphics\Buffers\VAO.cpp">
      <Filter>Null\Engine\Submodules\Graphics\Buffers</Filter>
    </ClCompile>
    <ClCompile Include="src\Null\Engine\Submodules\Graphics\Buffers\VBO.cpp">
      <Filter>Null\Engine\Submodules\Graphics\Buffers</Filter>
    </ClCompile>
    <ClCompile Include="src\Null\Engine\Submodules\Graphics\Camera\Camera.cpp">
      <Filter>Null\Engine\Submodules\Graphics\Camera</Filter>
    </ClCompile>
    <ClCompile Include="src\Null\Engine\Submodules\Graphics\Camera\Camera2D.cpp">
      <Filter>Null\Engine\Submodules\Graphics\Camera</Filter>
    </ClCompile>
    <ClCompile Include="src\Null\Engine\Submodules\Graphics\Camera\Camera3D.cpp">
      <Filter>Null\Engine\Submodules\Graphics\Camera</Filter>
    </ClCompile>
    <ClCompile Include="src\Null\Engine\Submodules\Graphics\Camera\Controllers\CameraController.cpp">
      <Filter>Null\Engine\Submodules\Graphics\Camera\Controllers</Filter>
    </ClCompile>
    <ClCompile Include="src\Null\Engine\Submodules\Graphics\Camera\Controllers\OrthographicCameraController.cpp">
      <Filter>Null\Engine\Submodules\Graphics\Camera\Controllers</Filter>
    </ClCompile>
    <ClCompile Include="src\Null\Engine\Submodules\Graphics\Camera\Controllers\PerspectiveCameraController.cpp">
      <Filter>Null\Engine\Submodules\Graphics\Camera\Controllers</Filter>
    </ClCompile>
    <ClCompile Include="src\Null\Engine\Submodules\Graphics\InstanceMesh.cpp">
      <Filter>Null\Engine\Submodules\Graphics</Filter>
    </ClCompile>
    <ClCompile Include="src\Null\Engine\Submodules\Graphics\Mesh.cpp">
      <Filter>Null\Engine\Submodules\Graphics</Filter>
    </ClCompile>
    <ClCompile Include="src\Null\Engine\Submodules\Graphics\Shader\Shader.cpp">
      <Filter>Null\Engine\Submodules\Graphics\Shader</Filter>
    </ClCompile>
    <ClCompile Include="src\Null\Engine\Submodules\Graphics\SpriteSource.cpp">
      <Filter>Null\Engine\Submodules\Graphics</Filter>
    </ClCompile>
    <ClCompile Include="src\Null\Engine\Submodules\Graphics\Texture.cpp">
      <Filter>Null\Engine\Submodules\Graphics</Filter>
    </ClCompile>
    <ClCompile Include="src\Null\Engine\Submodules\Layers\ImGuiLayer.cpp">
      <Filter>Null\Engine\Submodules\Layers</Filter>
    </ClCompile>
    <ClCompile Include="src\Null\Engine\Submodules\Layers\Layer.cpp">
      <Filter>Null\Engine\Submodules\Layers</Filter>
    </ClCompile>
    <ClCompile Include="src\Null\Engine\Submodules\Scene.cpp">
      <Filter>Null\Engine\Submodules</Filter>
    </ClCompile>
    <ClCompile Include="src\Null\Tools\FileDialog.cpp">
      <Filter>Null\Tools</Filter>
    </ClCompile>
    <ClCompile Include="src\Null\Tools\ImguiSink.cpp">
      <Filter>Null\Tools</Filter>
    </ClCompile>
    <ClCompile Include="src\Null\Tools\JsonWrapper.cpp">
      <Filter>Null\Tools</Filter>
    </ClCompile>
    <ClCompile Include="src\Null\Tools\ScriptHelper.cpp">
      <Filter>Null\Tools</Filter>
    </ClCompile>
    <ClCompile Include="src\Null\Tools\Trace.cpp">
      <Filter>Null\Tools</Filter>
    </ClCompile>
    <ClCompile Include="src\stdafx.cpp" />
  </ItemGroup>
</Project>